
Microsoft Visual Studio Solution File, Format Version 12.00
# Visual Studio Version 17
VisualStudioVersion = 17.13.35825.156 d17.13
MinimumVisualStudioVersion = 10.0.40219.1
Project("{8BC9CEB8-8B4A-11D0-8D11-00A0C91BC942}") = "laba2", "laba2.vcxproj", "{66C0B5DF-DF28-4276-B569-A89075E6564F}"
EndProject
Global
	GlobalSection(SolutionConfigurationPlatforms) = preSolution
		Debug|x64 = Debug|x64
		Debug|x86 = Debug|x86
		Release|x64 = Release|x64
		Release|x86 = Release|x86
	EndGlobalSection
	GlobalSection(ProjectConfigurationPlatforms) = postSolution
		{66C0B5DF-DF28-4276-B569-A89075E6564F}.Debug|x64.ActiveCfg = Debug|x64
		{66C0B5DF-DF28-4276-B569-A89075E6564F}.Debug|x64.Build.0 = Debug|x64
		{66C0B5DF-DF28-4276-B569-A89075E6564F}.Debug|x86.ActiveCfg = Debug|Win32
		{66C0B5DF-DF28-4276-B569-A89075E6564F}.Debug|x86.Build.0 = Debug|Win32
		{66C0B5DF-DF28-4276-B569-A89075E6564F}.Release|x64.ActiveCfg = Release|x64
		{66C0B5DF-DF28-4276-B569-A89075E6564F}.Release|x64.Build.0 = Release|x64
		{66C0B5DF-DF28-4276-B569-A89075E6564F}.Release|x86.ActiveCfg = Release|Win32
		{66C0B5DF-DF28-4276-B569-A89075E6564F}.Release|x86.Build.0 = Release|Win32
	EndGlobalSection
	GlobalSection(SolutionProperties) = preSolution
		HideSolutionNode = FALSE
	EndGlobalSection
	GlobalSection(ExtensibilityGlobals) = postSolution
		SolutionGuid = {9727B96B-8D3A-4D78-8AA3-18B199799DB0}
	EndGlobalSection
EndGlobal
